{
  "name": "igp-btc-fsd-pry2-restaurant",
  "lockfileVersion": 3,
  "requires": true,
  "packages": {
    "": {
      "dependencies": {
        "@cloudinary/url-gen": "^1.9.1",
        "prettier": "^3.0.3"
      }
    },
    "node_modules/@cloudinary/transformation-builder-sdk": {
      "version": "1.2.6",
      "resolved": "https://registry.npmjs.org/@cloudinary/transformation-builder-sdk/-/transformation-builder-sdk-1.2.6.tgz",
      "integrity": "sha512-+ae+01Z+g5DprnjP502jqc9iInRHGUEXl0eUQfHjbLI+lJ76TTP5yNqgrnMocy///z1LS/qh4lrOC8DQdKwsNA==",
      "dependencies": {
        "@cloudinary/url-gen": "^1.7.0"
      }
    },
    "node_modules/@cloudinary/url-gen": {
      "version": "1.9.1",
      "resolved": "https://registry.npmjs.org/@cloudinary/url-gen/-/url-gen-1.9.1.tgz",
      "integrity": "sha512-P1zgWug/dMieYoA/XxYQloPCLsvm2QWG5AZoMtMqwBFKPljSlLS7o4fFCO5coCt0nv3KKTiygRMSiwKSL/XuLA==",
      "dependencies": {
        "@cloudinary/transformation-builder-sdk": "^1.2.4"
      }
    },
    "node_modules/prettier": {
      "version": "3.0.3",
      "resolved": "https://registry.npmjs.org/prettier/-/prettier-3.0.3.tgz",
      "integrity": "sha512-L/4pUDMxcNa8R/EthV08Zt42WBO4h1rarVtK0K+QJG0X187OLo7l699jWw0GKuwzkPQ//jMFA/8Xm6Fh3J/DAg==",
      "bin": {
        "prettier": "bin/prettier.cjs"
      },
      "engines": {
        "node": ">=14"
      },
      "funding": {
        "url": "https://github.com/prettier/prettier?sponsor=1"
      }
    }
  }
}
